Microsoft Visual Studio Solution File, Format Version 12.00
# Visual Studio Version 17
VisualStudioVersion = 17.5.2.0
MinimumVisualStudioVersion = 10.0.40219.1
Project("{FAE04EC0-301F-11D3-BF4B-00C04F79EFBC}") = "A_granel", "A_granel\A_granel.csproj", "{9F41163C-BFAC-67F2-205B-623AB5289E74}"
EndProject
Global
	GlobalSection(SolutionConfigurationPlatforms) = preSolution
		Debug|Any CPU = Debug|Any CPU
		Release|Any CPU = Release|Any CPU
	EndGlobalSection
	GlobalSection(ProjectConfigurationPlatforms) = postSolution
		{9F41163C-BFAC-67F2-205B-623AB5289E74}.Debug|Any CPU.ActiveCfg = Debug|Any CPU
		{9F41163C-BFAC-67F2-205B-623AB5289E74}.Debug|Any CPU.Build.0 = Debug|Any CPU
		{9F41163C-BFAC-67F2-205B-623AB5289E74}.Release|Any CPU.ActiveCfg = Release|Any CPU
		{9F41163C-BFAC-67F2-205B-623AB5289E74}.Release|Any CPU.Build.0 = Release|Any CPU
	EndGlobalSection
	GlobalSection(SolutionProperties) = preSolution
		HideSolutionNode = FALSE
	EndGlobalSection
	GlobalSection(ExtensibilityGlobals) = postSolution
		SolutionGuid = {8A7ED5B5-96B9-428E-8AA6-7C47B30298DC}
	EndGlobalSection
EndGlobal
